
Microsoft Visual Studio Solution File, Format Version 12.00
# Visual Studio Version 17
VisualStudioVersion = 17.14.37216.2 d17.14
MinimumVisualStudioVersion = 10.0.40219.1
Project("{FAE04EC0-301F-11D3-BF4B-00C04F79EFBC}") = "Vocabularity_Server", "Vocabularity_Server\Vocabularity_Server.csproj", "{AB46501C-E239-4510-8408-EF90BC98543C}"
EndProject
Global
	GlobalSection(SolutionConfigurationPlatforms) = preSolution
		Debug|Any CPU = Debug|Any CPU
		Release|Any CPU = Release|Any CPU
	EndGlobalSection
	GlobalSection(ProjectConfigurationPlatforms) = postSolution
		{AB46501C-E239-4510-8408-EF90BC98543C}.Debug|Any CPU.ActiveCfg = Debug|Any CPU
		{AB46501C-E239-4510-8408-EF90BC98543C}.Debug|Any CPU.Build.0 = Debug|Any CPU
		{AB46501C-E239-4510-8408-EF90BC98543C}.Release|Any CPU.ActiveCfg = Release|Any CPU
		{AB46501C-E239-4510-8408-EF90BC98543C}.Release|Any CPU.Build.0 = Release|Any CPU
	EndGlobalSection
	GlobalSection(SolutionProperties) = preSolution
		HideSolutionNode = FALSE
	EndGlobalSection
	GlobalSection(ExtensibilityGlobals) = postSolution
		SolutionGuid = {F8E214EA-CDE9-4401-BDB7-20CC9117A437}
	EndGlobalSection
EndGlobal
